
Microsoft Visual Studio Solution File, Format Version 12.00
# Visual Studio 2015
Project("{FAE04EC0-301F-11D3-BF4B-00C04F79EFBC}") = "projet_si28.CSharp", "projet_si28.CSharp.csproj", "{115BE4CF-B5DB-8BC8-A5EB-AD35613ED3A1}"
EndProject
Project("{FAE04EC0-301F-11D3-BF4B-00C04F79EFBC}") = "projet_si28.CSharp.Editor", "projet_si28.CSharp.Editor.csproj", "{23CE2089-CAB1-EE9A-EBDE-844EC535675D}"
EndProject
Global
	GlobalSection(SolutionConfigurationPlatforms) = preSolution
		Debug|Any CPU = Debug|Any CPU
		Release|Any CPU = Release|Any CPU
	EndGlobalSection
	GlobalSection(ProjectConfigurationPlatforms) = postSolution
		{115BE4CF-B5DB-8BC8-A5EB-AD35613ED3A1}.Debug|Any CPU.ActiveCfg = Debug|Any CPU
		{115BE4CF-B5DB-8BC8-A5EB-AD35613ED3A1}.Debug|Any CPU.Build.0 = Debug|Any CPU
		{115BE4CF-B5DB-8BC8-A5EB-AD35613ED3A1}.Release|Any CPU.ActiveCfg = Release|Any CPU
		{115BE4CF-B5DB-8BC8-A5EB-AD35613ED3A1}.Release|Any CPU.Build.0 = Release|Any CPU
		{23CE2089-CAB1-EE9A-EBDE-844EC535675D}.Debug|Any CPU.ActiveCfg = Debug|Any CPU
		{23CE2089-CAB1-EE9A-EBDE-844EC535675D}.Debug|Any CPU.Build.0 = Debug|Any CPU
		{23CE2089-CAB1-EE9A-EBDE-844EC535675D}.Release|Any CPU.ActiveCfg = Release|Any CPU
		{23CE2089-CAB1-EE9A-EBDE-844EC535675D}.Release|Any CPU.Build.0 = Release|Any CPU
	EndGlobalSection
	GlobalSection(SolutionProperties) = preSolution
		HideSolutionNode = FALSE
	EndGlobalSection
EndGlobal
